// !$*UTF8*$!
{
	archiveVersion = 1;
	classes = {
	};
	objectVersion = 46;
	objects = {

/* Begin PBXBuildFile section */
		1FF59D3A1A2A1594004A9B00 /* AppDelegate.swift in Sources */ = {isa = PBXBuildFile; fileRef = 1FF59D391A2A1594004A9B00 /* AppDelegate.swift */; };
		1FF59D3E1A2A1594004A9B00 /* Shaders.metal in Sources */ = {isa = PBXBuildFile; fileRef = 1FF59D3D1A2A1594004A9B00 /* Shaders.metal */; };
		1FF59D411A2A1594004A9B00 /* Main.storyboard in Resources */ = {isa = PBXBuildFile; fileRef = 1FF59D3F1A2A1594004A9B00 /* Main.storyboard */; };
		1FF59D431A2A1595004A9B00 /* Images.xcassets in Resources */ = {isa = PBXBuildFile; fileRef = 1FF59D421A2A1595004A9B00 /* Images.xcassets */; };
		1FF59D461A2A1595004A9B00 /* LaunchScreen.xib in Resources */ = {isa = PBXBuildFile; fileRef = 1FF59D441A2A1595004A9B00 /* LaunchScreen.xib */; };
		1FF59D521A2A1595004A9B00 /* MBETests.swift in Sources */ = {isa = PBXBuildFile; fileRef = 1FF59D511A2A1595004A9B00 /* MBETests.swift */; };
		1FF59D5C1A2A271C004A9B00 /* MetalView.swift in Sources */ = {isa = PBXBuildFile; fileRef = 1FF59D5B1A2A271C004A9B00 /* MetalView.swift */; };
		1FF59D5E1A2A2860004A9B00 /* MBEViewController.swift in Sources */ = {isa = PBXBuildFile; fileRef = 1FF59D5D1A2A2860004A9B00 /* MBEViewController.swift */; };
/* End PBXBuildFile section */

/* Begin PBXContainerItemProxy section */
		1FF59D4C1A2A1595004A9B00 /* PBXContainerItemProxy */ = {
			isa = PBXContainerItemProxy;
			containerPortal = 1FF59D2C1A2A1594004A9B00 /* Project object */;
			proxyType = 1;
			remoteGlobalIDString = 1FF59D331A2A1594004A9B00;
			remoteInfo = MBE;
		};
/* End PBXContainerItemProxy section */

/* Begin PBXFileReference section */
		1FF59D341A2A1594004A9B00 /* MBE.app */ = {isa = PBXFileReference; explicitFileType = wrapper.application; includeInIndex = 0; path = MBE.app; sourceTree = BUILT_PRODUCTS_DIR; };
		1FF59D381A2A1594004A9B00 /* Info.plist */ = {isa = PBXFileReference; lastKnownFileType = text.plist.xml; path = Info.plist; sourceTree = "<group>"; };
		1FF59D391A2A1594004A9B00 /* AppDelegate.swift */ = {isa = PBXFileReference; lastKnownFileType = sourcecode.swift; path = AppDelegate.swift; sourceTree = "<group>"; };
		1FF59D3B1A2A1594004A9B00 /* GameViewController.swift */ = {isa = PBXFileReference; lastKnownFileType = sourcecode.swift; path = GameViewController.swift; sourceTree = "<group>"; };
		1FF59D3D1A2A1594004A9B00 /* Shaders.metal */ = {isa = PBXFileReference; lastKnownFileType = sourcecode.metal; path = Shaders.metal; sourceTree = "<group>"; };
		1FF59D401A2A1594004A9B00 /* Base */ = {isa = PBXFileReference; lastKnownFileType = file.storyboard; name = Base; path = Base.lproj/Main.storyboard; sourceTree = "<group>"; };
		1FF59D421A2A1595004A9B00 /* Images.xcassets */ = {isa = PBXFileReference; lastKnownFileType = folder.assetcatalog; path = Images.xcassets; sourceTree = "<group>"; };
		1FF59D451A2A1595004A9B00 /* Base */ = {isa = PBXFileReference; lastKnownFileType = file.xib; name = Base; path = Base.lproj/LaunchScreen.xib; sourceTree = "<group>"; };
		1FF59D4B1A2A1595004A9B00 /* MBETests.xctest */ = {isa = PBXFileReference; explicitFileType = wrapper.cfbundle; includeInIndex = 0; path = MBETests.xctest; sourceTree = BUILT_PRODUCTS_DIR; };
		1FF59D501A2A1595004A9B00 /* Info.plist */ = {isa = PBXFileReference; lastKnownFileType = text.plist.xml; path = Info.plist; sourceTree = "<group>"; };
		1FF59D511A2A1595004A9B00 /* MBETests.swift */ = {isa = PBXFileReference; lastKnownFileType = sourcecode.swift; path = MBETests.swift; sourceTree = "<group>"; };
		1FF59D5B1A2A271C004A9B00 /* MetalView.swift */ = {isa = PBXFileReference; fileEncoding = 4; lastKnownFileType = sourcecode.swift; path = MetalView.swift; sourceTree = "<group>"; };
		1FF59D5D1A2A2860004A9B00 /* MBEViewController.swift */ = {isa = PBXFileReference; fileEncoding = 4; lastKnownFileType = sourcecode.swift; path = MBEViewController.swift; sourceTree = "<group>"; };
/* End PBXFileReference section */

/* Begin PBXFrameworksBuildPhase section */
		1FF59D311A2A1594004A9B00 /* Frameworks */ = {
			isa = PBXFrameworksBuildPhase;
			buildActionMask = 2147483647;
			files = (
			);
			runOnlyForDeploymentPostprocessing = 0;
		};
		1FF59D481A2A1595004A9B00 /* Frameworks */ = {
			isa = PBXFrameworksBuildPhase;
			buildActionMask = 2147483647;
			files = (
			);
			runOnlyForDeploymentPostprocessing = 0;
		};
/* End PBXFrameworksBuildPhase section */

/* Begin PBXGroup section */
		1FF59D2B1A2A1594004A9B00 = {
			isa = PBXGroup;
			children = (
				1FF59D361A2A1594004A9B00 /* MBE */,
				1FF59D4E1A2A1595004A9B00 /* MBETests */,
				1FF59D351A2A1594004A9B00 /* Products */,
			);
			sourceTree = "<group>";
		};
		1FF59D351A2A1594004A9B00 /* Products */ = {
			isa = PBXGroup;
			children = (
				1FF59D341A2A1594004A9B00 /* MBE.app */,
				1FF59D4B1A2A1595004A9B00 /* MBETests.xctest */,
			);
			name = Products;
			sourceTree = "<group>";
		};
		1FF59D361A2A1594004A9B00 /* MBE */ = {
			isa = PBXGroup;
			children = (
				1FF59D391A2A1594004A9B00 /* AppDelegate.swift */,
				1FF59D3B1A2A1594004A9B00 /* GameViewController.swift */,
				1FF59D5D1A2A2860004A9B00 /* MBEViewController.swift */,
				1FF59D5B1A2A271C004A9B00 /* MetalView.swift */,
				1FF59D3D1A2A1594004A9B00 /* Shaders.metal */,
				1FF59D3F1A2A1594004A9B00 /* Main.storyboard */,
				1FF59D421A2A1595004A9B00 /* Images.xcassets */,
				1FF59D441A2A1595004A9B00 /* LaunchScreen.xib */,
				1FF59D371A2A1594004A9B00 /* Supporting Files */,
			);
			path = MBE;
			sourceTree = "<group>";
		};
		1FF59D371A2A1594004A9B00 /* Supporting Files */ = {
			isa = PBXGroup;
			children = (
				1FF59D381A2A1594004A9B00 /* Info.plist */,
			);
			name = "Supporting Files";
			sourceTree = "<group>";
		};
		1FF59D4E1A2A1595004A9B00 /* MBETests */ = {
			isa = PBXGroup;
			children = (
				1FF59D511A2A1595004A9B00 /* MBETests.swift */,
				1FF59D4F1A2A1595004A9B00 /* Supporting Files */,
			);
			path = MBETests;
			sourceTree = "<group>";
		};
		1FF59D4F1A2A1595004A9B00 /* Supporting Files */ = {
			isa = PBXGroup;
			children = (
				1FF59D501A2A1595004A9B00 /* Info.plist */,
			);
			name = "Supporting Files";
			sourceTree = "<group>";
		};
/* End PBXGroup section */

/* Begin PBXNativeTarget section */
		1FF59D331A2A1594004A9B00 /* MBE */ = {
			isa = PBXNativeTarget;
			buildConfigurationList = 1FF59D551A2A1595004A9B00 /* Build configuration list for PBXNativeTarget "MBE" */;
			buildPhases = (
				1FF59D301A2A1594004A9B00 /* Sources */,
				1FF59D311A2A1594004A9B00 /* Frameworks */,
				1FF59D321A2A1594004A9B00 /* Resources */,
			);
			buildRules = (
			);
			dependencies = (
			);
			name = MBE;
			productName = MBE;
			productReference = 1FF59D341A2A1594004A9B00 /* MBE.app */;
			productType = "com.apple.product-type.application";
		};
		1FF59D4A1A2A1595004A9B00 /* MBETests */ = {
			isa = PBXNativeTarget;
			buildConfigurationList = 1FF59D581A2A1595004A9B00 /* Build configuration list for PBXNativeTarget "MBETests" */;
			buildPhases = (
				1FF59D471A2A1595004A9B00 /* Sources */,
				1FF59D481A2A1595004A9B00 /* Frameworks */,
				1FF59D491A2A1595004A9B00 /* Resources */,
			);
			buildRules = (
			);
			dependencies = (
				1FF59D4D1A2A1595004A9B00 /* PBXTargetDependency */,
			);
			name = MBETests;
			productName = MBETests;
			productReference = 1FF59D4B1A2A1595004A9B00 /* MBETests.xctest */;
			productType = "com.apple.product-type.bundle.unit-test";
		};
/* End PBXNativeTarget section */

/* Begin PBXProject section */
		1FF59D2C1A2A1594004A9B00 /* Project object */ = {
			isa = PBXProject;
			attributes = {
				LastUpgradeCheck = 0610;
				ORGANIZATIONNAME = "Jeff Porter";
				TargetAttributes = {
					1FF59D331A2A1594004A9B00 = {
						CreatedOnToolsVersion = 6.1;
					};
					1FF59D4A1A2A1595004A9B00 = {
						CreatedOnToolsVersion = 6.1;
						TestTargetID = 1FF59D331A2A1594004A9B00;
					};
				};
			};
			buildConfigurationList = 1FF59D2F1A2A1594004A9B00 /* Build configuration list for PBXProject "MBE" */;
			compatibilityVersion = "Xcode 3.2";
			developmentRegion = English;
			hasScannedForEncodings = 0;
			knownRegions = (
				en,
				Base,
			);
			mainGroup = 1FF59D2B1A2A1594004A9B00;
			productRefGroup = 1FF59D351A2A1594004A9B00 /* Products */;
			projectDirPath = "";
			projectRoot = "";
			targets = (
				1FF59D331A2A1594004A9B00 /* MBE */,
				1FF59D4A1A2A1595004A9B00 /* MBETests */,
			);
		};
/* End PBXProject section */

/* Begin PBXResourcesBuildPhase section */
		1FF59D321A2A1594004A9B00 /* Resources */ = {
			isa = PBXResourcesBuildPhase;
			buildActionMask = 2147483647;
			files = (
				1FF59D411A2A1594004A9B00 /* Main.storyboard in Resources */,
				1FF59D461A2A1595004A9B00 /* LaunchScreen.xib in Resources */,
				1FF59D431A2A1595004A9B00 /* Images.xcassets in Resources */,
			);
			runOnlyForDeploymentPostprocessing = 0;
		};
		1FF59D491A2A1595004A9B00 /* Resources */ = {
			isa = PBXResourcesBuildPhase;
			buildActionMask = 2147483647;
			files = (
			);
			runOnlyForDeploymentPostprocessing = 0;
		};
/* End PBXResourcesBuildPhase section */

/* Begin PBXSourcesBuildPhase section */
		1FF59D301A2A1594004A9B00 /* Sources */ = {
			isa = PBXSourcesBuildPhase;
			buildActionMask = 2147483647;
			files = (
				1FF59D5C1A2A271C004A9B00 /* MetalView.swift in Sources */,
				1FF59D5E1A2A2860004A9B00 /* MBEViewController.swift in Sources */,
				1FF59D3E1A2A1594004A9B00 /* Shaders.metal in Sources */,
				1FF59D3A1A2A1594004A9B00 /* AppDelegate.swift in Sources */,
			);
			runOnlyForDeploymentPostprocessing = 0;
		};
		1FF59D471A2A1595004A9B00 /* Sources */ = {
			isa = PBXSourcesBuildPhase;
			buildActionMask = 2147483647;
			files = (
				1FF59D521A2A1595004A9B00 /* MBETests.swift in Sources */,
			);
			runOnlyForDeploymentPostprocessing = 0;
		};
/* End PBXSourcesBuildPhase section */

/* Begin PBXTargetDependency section */
		1FF59D4D1A2A1595004A9B00 /* PBXTargetDependency */ = {
			isa = PBXTargetDependency;
			target = 1FF59D331A2A1594004A9B00 /* MBE */;
			targetProxy = 1FF59D4C1A2A1595004A9B00 /* PBXContainerItemProxy */;
		};
/* End PBXTargetDependency section */

/* Begin PBXVariantGroup section */
		1FF59D3F1A2A1594004A9B00 /* Main.storyboard */ = {
			isa = PBXVariantGroup;
			children = (
				1FF59D401A2A1594004A9B00 /* Base */,
			);
			name = Main.storyboard;
			sourceTree = "<group>";
		};
		1FF59D441A2A1595004A9B00 /* LaunchScreen.xib */ = {
			isa = PBXVariantGroup;
			children = (
				1FF59D451A2A1595004A9B00 /* Base */,
			);
			name = LaunchScreen.xib;
			sourceTree = "<group>";
		};
/* End PBXVariantGroup section */

/* Begin XCBuildConfiguration section */
		1FF59D531A2A1595004A9B00 /* Debug */ = {
			isa = XCBuildConfiguration;
			buildSettings = {
				ALWAYS_SEARCH_USER_PATHS = NO;
				CLANG_CXX_LANGUAGE_STANDARD = "gnu++0x";
				CLANG_CXX_LIBRARY = "libc++";
				CLANG_ENABLE_MODULES = YES;
				CLANG_ENABLE_OBJC_ARC = YES;
				CLANG_WARN_BOOL_CONVERSION = YES;
				CLANG_WARN_CONSTANT_CONVERSION = YES;
				CLANG_WARN_DIRECT_OBJC_ISA_USAGE = YES_ERROR;
				CLANG_WARN_EMPTY_BODY = YES;
				CLANG_WARN_ENUM_CONVERSION = YES;
				CLANG_WARN_INT_CONVERSION = YES;
				CLANG_WARN_OBJC_ROOT_CLASS = YES_ERROR;
				CLANG_WARN_UNREACHABLE_CODE = YES;
				CLANG_WARN__DUPLICATE_METHOD_MATCH = YES;
				"CODE_SIGN_IDENTITY[sdk=iphoneos*]" = "iPhone Developer";
				COPY_PHASE_STRIP = NO;
				ENABLE_STRICT_OBJC_MSGSEND = YES;
				GCC_C_LANGUAGE_STANDARD = gnu99;
				GCC_DYNAMIC_NO_PIC = NO;
				GCC_OPTIMIZATION_LEVEL = 0;
				GCC_PREPROCESSOR_DEFINITIONS = (
					"DEBUG=1",
					"$(inherited)",
				);
				GCC_SYMBOLS_PRIVATE_EXTERN = NO;
				GCC_WARN_64_TO_32_BIT_CONVERSION = YES;
				GCC_WARN_ABOUT_RETURN_TYPE = YES_ERROR;
				GCC_WARN_UNDECLARED_SELECTOR = YES;
				GCC_WARN_UNINITIALIZED_AUTOS = YES_AGGRESSIVE;
				GCC_WARN_UNUSED_FUNCTION = YES;
				GCC_WARN_UNUSED_VARIABLE = YES;
				IPHONEOS_DEPLOYMENT_TARGET = 8.1;
				MTL_ENABLE_DEBUG_INFO = YES;
				ONLY_ACTIVE_ARCH = YES;
				SDKROOT = iphoneos;
				SWIFT_OPTIMIZATION_LEVEL = "-Onone";
				TARGETED_DEVICE_FAMILY = "1,2";
			};
			name = Debug;
		};
		1FF59D541A2A1595004A9B00 /* Release */ = {
			isa = XCBuildConfiguration;
			buildSettings = {
				ALWAYS_SEARCH_USER_PATHS = NO;
				CLANG_CXX_LANGUAGE_STANDARD = "gnu++0x";
				CLANG_CXX_LIBRARY = "libc++";
				CLANG_ENABLE_MODULES = YES;
				CLANG_ENABLE_OBJC_ARC = YES;
				CLANG_WARN_BOOL_CONVERSION = YES;
				CLANG_WARN_CONSTANT_CONVERSION = YES;
				CLANG_WARN_DIRECT_OBJC_ISA_USAGE = YES_ERROR;
				CLANG_WARN_EMPTY_BODY = YES;
				CLANG_WARN_ENUM_CONVERSION = YES;
				CLANG_WARN_INT_CONVERSION = YES;
				CLANG_WARN_OBJC_ROOT_CLASS = YES_ERROR;
				CLANG_WARN_UNREACHABLE_CODE = YES;
				CLANG_WARN__DUPLICATE_METHOD_MATCH = YES;
				"CODE_SIGN_IDENTITY[sdk=iphoneos*]" = "iPhone Developer";
				COPY_PHASE_STRIP = YES;
				ENABLE_NS_ASSERTIONS = NO;
				ENABLE_STRICT_OBJC_MSGSEND = YES;
				GCC_C_LANGUAGE_STANDARD = gnu99;
				GCC_WARN_64_TO_32_BIT_CONVERSION = YES;
				GCC_WARN_ABOUT_RETURN_TYPE = YES_ERROR;
				GCC_WARN_UNDECLARED_SELECTOR = YES;
				GCC_WARN_UNINITIALIZED_AUTOS = YES_AGGRESSIVE;
				GCC_WARN_UNUSED_FUNCTION = YES;
				GCC_WARN_UNUSED_VARIABLE = YES;
				IPHONEOS_DEPLOYMENT_TARGET = 8.1;
				MTL_ENABLE_DEBUG_INFO = NO;
				SDKROOT = iphoneos;
				TARGETED_DEVICE_FAMILY = "1,2";
				VALIDATE_PRODUCT = YES;
			};
			name = Release;
		};
		1FF59D561A2A1595004A9B00 /* Debug */ = {
			isa = XCBuildConfiguration;
			buildSettings = {
				ASSETCATALOG_COMPILER_APPICON_NAME = AppIcon;
				INFOPLIST_FILE = MBE/Info.plist;
				LD_RUNPATH_SEARCH_PATHS = "$(inherited) @executable_path/Frameworks";
				PRODUCT_NAME = "$(TARGET_NAME)";
			};
			name = Debug;
		};
		1FF59D571A2A1595004A9B00 /* Release */ = {
			isa = XCBuildConfiguration;
			buildSettings = {
				ASSETCATALOG_COMPILER_APPICON_NAME = AppIcon;
				INFOPLIST_FILE = MBE/Info.plist;
				LD_RUNPATH_SEARCH_PATHS = "$(inherited) @executable_path/Frameworks";
				PRODUCT_NAME = "$(TARGET_NAME)";
			};
			name = Release;
		};
		1FF59D591A2A1595004A9B00 /* Debug */ = {
			isa = XCBuildConfiguration;
			buildSettings = {
				BUNDLE_LOADER = "$(TEST_HOST)";
				FRAMEWORK_SEARCH_PATHS = (
					"$(SDKROOT)/Developer/Library/Frameworks",
					"$(inherited)",
				);
				GCC_PREPROCESSOR_DEFINITIONS = (
					"DEBUG=1",
					"$(inherited)",
				);
				INFOPLIST_FILE = MBETests/Info.plist;
				LD_RUNPATH_SEARCH_PATHS = "$(inherited) @executable_path/Frameworks @loader_path/Frameworks";
				PRODUCT_NAME = "$(TARGET_NAME)";
				TEST_HOST = "$(BUILT_PRODUCTS_DIR)/MBE.app/MBE";
			};
			name = Debug;
		};
		1FF59D5A1A2A1595004A9B00 /* Release */ = {
			isa = XCBuildConfiguration;
			buildSettings = {
				BUNDLE_LOADER = "$(TEST_HOST)";
				FRAMEWORK_SEARCH_PATHS = (
					"$(SDKROOT)/Developer/Library/Frameworks",
					"$(inherited)",
				);
				INFOPLIST_FILE = MBETests/Info.plist;
				LD_RUNPATH_SEARCH_PATHS = "$(inherited) @executable_path/Frameworks @loader_path/Frameworks";
				PRODUCT_NAME = "$(TARGET_NAME)";
				TEST_HOST = "$(BUILT_PRODUCTS_DIR)/MBE.app/MBE";
			};
			name = Release;
		};
/* End XCBuildConfiguration section */

/* Begin XCConfigurationList section */
		1FF59D2F1A2A1594004A9B00 /* Build configuration list for PBXProject "MBE" */ = {
			isa = XCConfigurationList;
			buildConfigurations = (
				1FF59D531A2A1595004A9B00 /* Debug */,
				1FF59D541A2A1595004A9B00 /* Release */,
			);
			defaultConfigurationIsVisible = 0;
			defaultConfigurationName = Release;
		};
		1FF59D551A2A1595004A9B00 /* Build configuration list for PBXNativeTarget "MBE" */ = {
			isa = XCConfigurationList;
			buildConfigurations = (
				1FF59D561A2A1595004A9B00 /* Debug */,
				1FF59D571A2A1595004A9B00 /* Release */,
			);
			defaultConfigurationIsVisible = 0;
		};
		1FF59D581A2A1595004A9B00 /* Build configuration list for PBXNativeTarget "MBETests" */ = {
			isa = XCConfigurationList;
			buildConfigurations = (
				1FF59D591A2A1595004A9B00 /* Debug */,
				1FF59D5A1A2A1595004A9B00 /* Release */,
			);
			defaultConfigurationIsVisible = 0;
		};
/* End XCConfigurationList section */
	};
	rootObject = 1FF59D2C1A2A1594004A9B00 /* Project object */;
}
